
Microsoft Visual Studio Solution File, Format Version 12.00
# Visual Studio Version 16
VisualStudioVersion = 16.0.32106.194
MinimumVisualStudioVersion = 10.0.40219.1
Project("{FAE04EC0-301F-11D3-BF4B-00C04F79EFBC}") = "LAB1_MEGAN_MORALES_1221120", "LAB1_MEGAN_MORALES_1221120.csproj", "{7D5E91C1-ACAB-408F-8696-027EFF3F81E6}"
EndProject
Global
	GlobalSection(SolutionConfigurationPlatforms) = preSolution
		Debug|Any CPU = Debug|Any CPU
		Release|Any CPU = Release|Any CPU
	EndGlobalSection
	GlobalSection(ProjectConfigurationPlatforms) = postSolution
		{7D5E91C1-ACAB-408F-8696-027EFF3F81E6}.Debug|Any CPU.ActiveCfg = Debug|Any CPU
		{7D5E91C1-ACAB-408F-8696-027EFF3F81E6}.Debug|Any CPU.Build.0 = Debug|Any CPU
		{7D5E91C1-ACAB-408F-8696-027EFF3F81E6}.Release|Any CPU.ActiveCfg = Release|Any CPU
		{7D5E91C1-ACAB-408F-8696-027EFF3F81E6}.Release|Any CPU.Build.0 = Release|Any CPU
	EndGlobalSection
	GlobalSection(SolutionProperties) = preSolution
		HideSolutionNode = FALSE
	EndGlobalSection
	GlobalSection(ExtensibilityGlobals) = postSolution
		SolutionGuid = {69A09996-0383-4E28-8D8E-82BD4656969D}
	EndGlobalSection
EndGlobal
